
Microsoft Visual Studio Solution File, Format Version 12.00
# Visual Studio Version 17
VisualStudioVersion = 17.4.33213.308
MinimumVisualStudioVersion = 10.0.40219.1
Project("{FAE04EC0-301F-11D3-BF4B-00C04F79EFBC}") = "WeatherApi", "WeatherApi.csproj", "{F707B9B9-901D-4D31-BE62-31E6418DB293}"
EndProject
Global
	GlobalSection(SolutionConfigurationPlatforms) = preSolution
		Debug|Any CPU = Debug|Any CPU
		Release|Any CPU = Release|Any CPU
	EndGlobalSection
	GlobalSection(ProjectConfigurationPlatforms) = postSolution
		{F707B9B9-901D-4D31-BE62-31E6418DB293}.Debug|Any CPU.ActiveCfg = Debug|Any CPU
		{F707B9B9-901D-4D31-BE62-31E6418DB293}.Debug|Any CPU.Build.0 = Debug|Any CPU
		{F707B9B9-901D-4D31-BE62-31E6418DB293}.Release|Any CPU.ActiveCfg = Release|Any CPU
		{F707B9B9-901D-4D31-BE62-31E6418DB293}.Release|Any CPU.Build.0 = Release|Any CPU
	EndGlobalSection
	GlobalSection(SolutionProperties) = preSolution
		HideSolutionNode = FALSE
	EndGlobalSection
	GlobalSection(ExtensibilityGlobals) = postSolution
		SolutionGuid = {36A0B2C1-DC5E-4BFC-A823-E4EA83B4F973}
	EndGlobalSection
EndGlobal
